
Microsoft Visual Studio Solution File, Format Version 12.00
# Visual Studio Version 17
VisualStudioVersion = 17.13.35825.156 d17.13
MinimumVisualStudioVersion = 10.0.40219.1
Project("{8BC9CEB8-8B4A-11D0-8D11-00A0C91BC942}") = "Ex_1_1", "Ex_1_1\Ex_1_1.vcxproj", "{14A3469A-EE3D-40F5-93E5-980E3CFE5B97}"
EndProject
Project("{8BC9CEB8-8B4A-11D0-8D11-00A0C91BC942}") = "Ex_2_1", "Ex_2_1\Ex_2_1.vcxproj", "{8C4188A8-D233-47C2-83CB-F09230398129}"
EndProject
Global
	GlobalSection(SolutionConfigurationPlatforms) = preSolution
		Debug|x64 = Debug|x64
		Debug|x86 = Debug|x86
		Release|x64 = Release|x64
		Release|x86 = Release|x86
	EndGlobalSection
	GlobalSection(ProjectConfigurationPlatforms) = postSolution
		{14A3469A-EE3D-40F5-93E5-980E3CFE5B97}.Debug|x64.ActiveCfg = Debug|x64
		{14A3469A-EE3D-40F5-93E5-980E3CFE5B97}.Debug|x64.Build.0 = Debug|x64
		{14A3469A-EE3D-40F5-93E5-980E3CFE5B97}.Debug|x86.ActiveCfg = Debug|Win32
		{14A3469A-EE3D-40F5-93E5-980E3CFE5B97}.Debug|x86.Build.0 = Debug|Win32
		{14A3469A-EE3D-40F5-93E5-980E3CFE5B97}.Release|x64.ActiveCfg = Release|x64
		{14A3469A-EE3D-40F5-93E5-980E3CFE5B97}.Release|x64.Build.0 = Release|x64
		{14A3469A-EE3D-40F5-93E5-980E3CFE5B97}.Release|x86.ActiveCfg = Release|Win32
		{14A3469A-EE3D-40F5-93E5-980E3CFE5B97}.Release|x86.Build.0 = Release|Win32
		{8C4188A8-D233-47C2-83CB-F09230398129}.Debug|x64.ActiveCfg = Debug|x64
		{8C4188A8-D233-47C2-83CB-F09230398129}.Debug|x64.Build.0 = Debug|x64
		{8C4188A8-D233-47C2-83CB-F09230398129}.Debug|x86.ActiveCfg = Debug|Win32
		{8C4188A8-D233-47C2-83CB-F09230398129}.Debug|x86.Build.0 = Debug|Win32
		{8C4188A8-D233-47C2-83CB-F09230398129}.Release|x64.ActiveCfg = Release|x64
		{8C4188A8-D233-47C2-83CB-F09230398129}.Release|x64.Build.0 = Release|x64
		{8C4188A8-D233-47C2-83CB-F09230398129}.Release|x86.ActiveCfg = Release|Win32
		{8C4188A8-D233-47C2-83CB-F09230398129}.Release|x86.Build.0 = Release|Win32
	EndGlobalSection
	GlobalSection(SolutionProperties) = preSolution
		HideSolutionNode = FALSE
	EndGlobalSection
	GlobalSection(ExtensibilityGlobals) = postSolution
		SolutionGuid = {02B6A88C-06A8-4CF0-BF52-7969E5E4D962}
	EndGlobalSection
EndGlobal
